
Microsoft Visual Studio Solution File, Format Version 12.00
# Visual Studio Version 16
VisualStudioVersion = 16.0.30804.86
MinimumVisualStudioVersion = 10.0.40219.1
Project("{8BC9CEB8-8B4A-11D0-8D11-00A0C91BC942}") = "MyWidget2", "MyWidget2.vcxproj", "{A1EE28D1-57BF-4875-BA28-86DDCC3FEEEE}"
EndProject
Global
	GlobalSection(SolutionConfigurationPlatforms) = preSolution
		Debug|x64 = Debug|x64
		Release|x64 = Release|x64
	EndGlobalSection
	GlobalSection(ProjectConfigurationPlatforms) = postSolution
		{A1EE28D1-57BF-4875-BA28-86DDCC3FEEEE}.Debug|x64.ActiveCfg = Debug|x64
		{A1EE28D1-57BF-4875-BA28-86DDCC3FEEEE}.Debug|x64.Build.0 = Debug|x64
		{A1EE28D1-57BF-4875-BA28-86DDCC3FEEEE}.Release|x64.ActiveCfg = Release|x64
		{A1EE28D1-57BF-4875-BA28-86DDCC3FEEEE}.Release|x64.Build.0 = Release|x64
	EndGlobalSection
	GlobalSection(SolutionProperties) = preSolution
		HideSolutionNode = FALSE
	EndGlobalSection
	GlobalSection(ExtensibilityGlobals) = postSolution
		SolutionGuid = {0A983D5E-52B1-4D11-8CF1-40AA828DFC79}
	EndGlobalSection
EndGlobal
